
Microsoft Visual Studio Solution File, Format Version 12.00
# Visual Studio Version 17
VisualStudioVersion = 17.10.35013.160
MinimumVisualStudioVersion = 10.0.40219.1
Project("{9A19103F-16F7-4668-BE54-9A1E7A4F7556}") = "MediafonTechTask", "src\MediafonTechTask\MediafonTechTask.csproj", "{51BDC21C-DA3D-42D8-B0FC-68A745D55742}"
EndProject
Project("{FAE04EC0-301F-11D3-BF4B-00C04F79EFBC}") = "MediafonTechTask.Core", "src\MediafonTechTask.Core\MediafonTechTask.Core.csproj", "{956786FD-B29B-4C75-ABC3-AF54F946D679}"
EndProject
Global
	GlobalSection(SolutionConfigurationPlatforms) = preSolution
		Debug|Any CPU = Debug|Any CPU
		Release|Any CPU = Release|Any CPU
	EndGlobalSection
	GlobalSection(ProjectConfigurationPlatforms) = postSolution
		{51BDC21C-DA3D-42D8-B0FC-68A745D55742}.Debug|Any CPU.ActiveCfg = Debug|Any CPU
		{51BDC21C-DA3D-42D8-B0FC-68A745D55742}.Debug|Any CPU.Build.0 = Debug|Any CPU
		{51BDC21C-DA3D-42D8-B0FC-68A745D55742}.Release|Any CPU.ActiveCfg = Release|Any CPU
		{51BDC21C-DA3D-42D8-B0FC-68A745D55742}.Release|Any CPU.Build.0 = Release|Any CPU
		{956786FD-B29B-4C75-ABC3-AF54F946D679}.Debug|Any CPU.ActiveCfg = Debug|Any CPU
		{956786FD-B29B-4C75-ABC3-AF54F946D679}.Debug|Any CPU.Build.0 = Debug|Any CPU
		{956786FD-B29B-4C75-ABC3-AF54F946D679}.Release|Any CPU.ActiveCfg = Release|Any CPU
		{956786FD-B29B-4C75-ABC3-AF54F946D679}.Release|Any CPU.Build.0 = Release|Any CPU
	EndGlobalSection
	GlobalSection(SolutionProperties) = preSolution
		HideSolutionNode = FALSE
	EndGlobalSection
	GlobalSection(ExtensibilityGlobals) = postSolution
		SolutionGuid = {E2709DA9-41F8-4813-9C91-FE80C1B3852D}
	EndGlobalSection
EndGlobal
